// !$*UTF8*$!
{
	archiveVersion = 1;
	classes = {
	};
	objectVersion = 46;
	objects = {

/* Begin PBXBuildFile section */
		500311481B6B78AE0069BE07 /* main.m in Sources */ = {isa = PBXBuildFile; fileRef = 500311471B6B78AE0069BE07 /* main.m */; };
		5003114B1B6B78AE0069BE07 /* AppDelegate.m in Sources */ = {isa = PBXBuildFile; fileRef = 5003114A1B6B78AE0069BE07 /* AppDelegate.m */; };
		5003114E1B6B78AE0069BE07 /* ViewController.m in Sources */ = {isa = PBXBuildFile; fileRef = 5003114D1B6B78AE0069BE07 /* ViewController.m */; };
		500311511B6B78AE0069BE07 /* Main.storyboard in Resources */ = {isa = PBXBuildFile; fileRef = 5003114F1B6B78AE0069BE07 /* Main.storyboard */; };
		500311531B6B78AE0069BE07 /* Images.xcassets in Resources */ = {isa = PBXBuildFile; fileRef = 500311521B6B78AE0069BE07 /* Images.xcassets */; };
		500311561B6B78AE0069BE07 /* LaunchScreen.xib in Resources */ = {isa = PBXBuildFile; fileRef = 500311541B6B78AE0069BE07 /* LaunchScreen.xib */; };
		500311621B6B78AE0069BE07 /* HGTextFrameSampleTests.m in Sources */ = {isa = PBXBuildFile; fileRef = 500311611B6B78AE0069BE07 /* HGTextFrameSampleTests.m */; };
		5005DE0D1B7207410037C05E /* libsqlite3.0.dylib in Frameworks */ = {isa = PBXBuildFile; fileRef = 5005DE0C1B7207410037C05E /* libsqlite3.0.dylib */; };
		5005DE0F1B72075F0037C05E /* SystemConfiguration.framework in Frameworks */ = {isa = PBXBuildFile; fileRef = 5005DE0E1B72075F0037C05E /* SystemConfiguration.framework */; };
		5005DE131B7208390037C05E /* libz.dylib in Frameworks */ = {isa = PBXBuildFile; fileRef = 5005DE121B7208390037C05E /* libz.dylib */; };
		5005DE141B7209EF0037C05E /* libc++.dylib in Frameworks */ = {isa = PBXBuildFile; fileRef = 5005DE101B7207ED0037C05E /* libc++.dylib */; };
		5005DE171B7219510037C05E /* HGWXOAuthLoginManager.m in Sources */ = {isa = PBXBuildFile; fileRef = 5005DE161B7219510037C05E /* HGWXOAuthLoginManager.m */; };
		5005DE191B721FC50037C05E /* UIKit.framework in Frameworks */ = {isa = PBXBuildFile; fileRef = 5005DE181B721FC40037C05E /* UIKit.framework */; };
		5005DE1D1B732B7E0037C05E /* UIView+Additions.m in Sources */ = {isa = PBXBuildFile; fileRef = 5005DE1C1B732B7E0037C05E /* UIView+Additions.m */; };
		5005DE411B732B950037C05E /* MKAnnotationView+WebCache.m in Sources */ = {isa = PBXBuildFile; fileRef = 5005DE201B732B950037C05E /* MKAnnotationView+WebCache.m */; };
		5005DE421B732B950037C05E /* NSData+ImageContentType.m in Sources */ = {isa = PBXBuildFile; fileRef = 5005DE221B732B950037C05E /* NSData+ImageContentType.m */; };
		5005DE431B732B950037C05E /* SDImageCache.m in Sources */ = {isa = PBXBuildFile; fileRef = 5005DE241B732B950037C05E /* SDImageCache.m */; };
		5005DE441B732B950037C05E /* SDWebImageCompat.m in Sources */ = {isa = PBXBuildFile; fileRef = 5005DE261B732B950037C05E /* SDWebImageCompat.m */; };
		5005DE451B732B950037C05E /* SDWebImageDecoder.m in Sources */ = {isa = PBXBuildFile; fileRef = 5005DE281B732B950037C05E /* SDWebImageDecoder.m */; };
		5005DE461B732B950037C05E /* SDWebImageDownloader.m in Sources */ = {isa = PBXBuildFile; fileRef = 5005DE2A1B732B950037C05E /* SDWebImageDownloader.m */; };
		5005DE471B732B950037C05E /* SDWebImageDownloaderOperation.m in Sources */ = {isa = PBXBuildFile; fileRef = 5005DE2C1B732B950037C05E /* SDWebImageDownloaderOperation.m */; };
		5005DE481B732B950037C05E /* SDWebImageManager.m in Sources */ = {isa = PBXBuildFile; fileRef = 5005DE2E1B732B950037C05E /* SDWebImageManager.m */; };
		5005DE491B732B950037C05E /* SDWebImagePrefetcher.m in Sources */ = {isa = PBXBuildFile; fileRef = 5005DE311B732B950037C05E /* SDWebImagePrefetcher.m */; };
		5005DE4A1B732B950037C05E /* UIButton+WebCache.m in Sources */ = {isa = PBXBuildFile; fileRef = 5005DE331B732B950037C05E /* UIButton+WebCache.m */; };
		5005DE4B1B732B950037C05E /* UIImage+GIF.m in Sources */ = {isa = PBXBuildFile; fileRef = 5005DE351B732B950037C05E /* UIImage+GIF.m */; };
		5005DE4C1B732B950037C05E /* UIImage+MultiFormat.m in Sources */ = {isa = PBXBuildFile; fileRef = 5005DE371B732B950037C05E /* UIImage+MultiFormat.m */; };
		5005DE4D1B732B950037C05E /* UIImage+WebP.m in Sources */ = {isa = PBXBuildFile; fileRef = 5005DE391B732B950037C05E /* UIImage+WebP.m */; };
		5005DE4E1B732B950037C05E /* UIImageView+HighlightedWebCache.m in Sources */ = {isa = PBXBuildFile; fileRef = 5005DE3B1B732B950037C05E /* UIImageView+HighlightedWebCache.m */; };
		5005DE4F1B732B950037C05E /* UIImageView+WebCache.m in Sources */ = {isa = PBXBuildFile; fileRef = 5005DE3D1B732B950037C05E /* UIImageView+WebCache.m */; };
		5005DE501B732B950037C05E /* UIView+WebCacheOperation.m in Sources */ = {isa = PBXBuildFile; fileRef = 5005DE3F1B732B950037C05E /* UIView+WebCacheOperation.m */; };
		5005DE511B732B950037C05E /* WebP.framework in Frameworks */ = {isa = PBXBuildFile; fileRef = 5005DE401B732B950037C05E /* WebP.framework */; };
		503CBC161B71BD09002D09F5 /* libWeChatSDK.a in Frameworks */ = {isa = PBXBuildFile; fileRef = 503CBC121B71BD09002D09F5 /* libWeChatSDK.a */; };
		503CBC171B71BD09002D09F5 /* read_me.txt in Resources */ = {isa = PBXBuildFile; fileRef = 503CBC131B71BD09002D09F5 /* read_me.txt */; };
/* End PBXBuildFile section */

/* Begin PBXContainerItemProxy section */
		5003115C1B6B78AE0069BE07 /* PBXContainerItemProxy */ = {
			isa = PBXContainerItemProxy;
			containerPortal = 5003113A1B6B78AE0069BE07 /* Project object */;
			proxyType = 1;
			remoteGlobalIDString = 500311411B6B78AE0069BE07;
			remoteInfo = HGTextFrameSample;
		};
/* End PBXContainerItemProxy section */

/* Begin PBXFileReference section */
		500311421B6B78AE0069BE07 /* HGTextFrameSample.app */ = {isa = PBXFileReference; explicitFileType = wrapper.application; includeInIndex = 0; path = HGTextFrameSample.app; sourceTree = BUILT_PRODUCTS_DIR; };
		500311461B6B78AE0069BE07 /* Info.plist */ = {isa = PBXFileReference; lastKnownFileType = text.plist.xml; path = Info.plist; sourceTree = "<group>"; };
		500311471B6B78AE0069BE07 /* main.m */ = {isa = PBXFileReference; lastKnownFileType = sourcecode.c.objc; path = main.m; sourceTree = "<group>"; };
		500311491B6B78AE0069BE07 /* AppDelegate.h */ = {isa = PBXFileReference; lastKnownFileType = sourcecode.c.h; path = AppDelegate.h; sourceTree = "<group>"; };
		5003114A1B6B78AE0069BE07 /* AppDelegate.m */ = {isa = PBXFileReference; lastKnownFileType = sourcecode.c.objc; path = AppDelegate.m; sourceTree = "<group>"; };
		5003114C1B6B78AE0069BE07 /* ViewController.h */ = {isa = PBXFileReference; lastKnownFileType = sourcecode.c.h; path = ViewController.h; sourceTree = "<group>"; };
		5003114D1B6B78AE0069BE07 /* ViewController.m */ = {isa = PBXFileReference; lastKnownFileType = sourcecode.c.objc; path = ViewController.m; sourceTree = "<group>"; };
		500311501B6B78AE0069BE07 /* Base */ = {isa = PBXFileReference; lastKnownFileType = file.storyboard; name = Base; path = Base.lproj/Main.storyboard; sourceTree = "<group>"; };
		500311521B6B78AE0069BE07 /* Images.xcassets */ = {isa = PBXFileReference; lastKnownFileType = folder.assetcatalog; path = Images.xcassets; sourceTree = "<group>"; };
		500311551B6B78AE0069BE07 /* Base */ = {isa = PBXFileReference; lastKnownFileType = file.xib; name = Base; path = Base.lproj/LaunchScreen.xib; sourceTree = "<group>"; };
		5003115B1B6B78AE0069BE07 /* HGTextFrameSampleTests.xctest */ = {isa = PBXFileReference; explicitFileType = wrapper.cfbundle; includeInIndex = 0; path = HGTextFrameSampleTests.xctest; sourceTree = BUILT_PRODUCTS_DIR; };
		500311601B6B78AE0069BE07 /* Info.plist */ = {isa = PBXFileReference; lastKnownFileType = text.plist.xml; path = Info.plist; sourceTree = "<group>"; };
		500311611B6B78AE0069BE07 /* HGTextFrameSampleTests.m */ = {isa = PBXFileReference; lastKnownFileType = sourcecode.c.objc; path = HGTextFrameSampleTests.m; sourceTree = "<group>"; };
		5005DE0C1B7207410037C05E /* libsqlite3.0.dylib */ = {isa = PBXFileReference; lastKnownFileType = "compiled.mach-o.dylib"; name = libsqlite3.0.dylib; path = usr/lib/libsqlite3.0.dylib; sourceTree = SDKROOT; };
		5005DE0E1B72075F0037C05E /* SystemConfiguration.framework */ = {isa = PBXFileReference; lastKnownFileType = wrapper.framework; name = SystemConfiguration.framework; path = System/Library/Frameworks/SystemConfiguration.framework; sourceTree = SDKROOT; };
		5005DE101B7207ED0037C05E /* libc++.dylib */ = {isa = PBXFileReference; lastKnownFileType = "compiled.mach-o.dylib"; name = "libc++.dylib"; path = "usr/lib/libc++.dylib"; sourceTree = SDKROOT; };
		5005DE121B7208390037C05E /* libz.dylib */ = {isa = PBXFileReference; lastKnownFileType = "compiled.mach-o.dylib"; name = libz.dylib; path = usr/lib/libz.dylib; sourceTree = SDKROOT; };
		5005DE151B7219510037C05E /* HGWXOAuthLoginManager.h */ = {isa = PBXFileReference; fileEncoding = 4; lastKnownFileType = sourcecode.c.h; path = HGWXOAuthLoginManager.h; sourceTree = "<group>"; };
		5005DE161B7219510037C05E /* HGWXOAuthLoginManager.m */ = {isa = PBXFileReference; fileEncoding = 4; lastKnownFileType = sourcecode.c.objc; path = HGWXOAuthLoginManager.m; sourceTree = "<group>"; };
		5005DE181B721FC40037C05E /* UIKit.framework */ = {isa = PBXFileReference; lastKnownFileType = wrapper.framework; name = UIKit.framework; path = System/Library/Frameworks/UIKit.framework; sourceTree = SDKROOT; };
		5005DE1B1B732B7E0037C05E /* UIView+Additions.h */ = {isa = PBXFileReference; fileEncoding = 4; lastKnownFileType = sourcecode.c.h; path = "UIView+Additions.h"; sourceTree = "<group>"; };
		5005DE1C1B732B7E0037C05E /* UIView+Additions.m */ = {isa = PBXFileReference; fileEncoding = 4; lastKnownFileType = sourcecode.c.objc; path = "UIView+Additions.m"; sourceTree = "<group>"; };
		5005DE1F1B732B950037C05E /* MKAnnotationView+WebCache.h */ = {isa = PBXFileReference; fileEncoding = 4; lastKnownFileType = sourcecode.c.h; path = "MKAnnotationView+WebCache.h"; sourceTree = "<group>"; };
		5005DE201B732B950037C05E /* MKAnnotationView+WebCache.m */ = {isa = PBXFileReference; fileEncoding = 4; lastKnownFileType = sourcecode.c.objc; path = "MKAnnotationView+WebCache.m"; sourceTree = "<group>"; };
		5005DE211B732B950037C05E /* NSData+ImageContentType.h */ = {isa = PBXFileReference; fileEncoding = 4; lastKnownFileType = sourcecode.c.h; path = "NSData+ImageContentType.h"; sourceTree = "<group>"; };
		5005DE221B732B950037C05E /* NSData+ImageContentType.m */ = {isa = PBXFileReference; fileEncoding = 4; lastKnownFileType = sourcecode.c.objc; path = "NSData+ImageContentType.m"; sourceTree = "<group>"; };
		5005DE231B732B950037C05E /* SDImageCache.h */ = {isa = PBXFileReference; fileEncoding = 4; lastKnownFileType = sourcecode.c.h; path = SDImageCache.h; sourceTree = "<group>"; };
		5005DE241B732B950037C05E /* SDImageCache.m */ = {isa = PBXFileReference; fileEncoding = 4; lastKnownFileType = sourcecode.c.objc; path = SDImageCache.m; sourceTree = "<group>"; };
		5005DE251B732B950037C05E /* SDWebImageCompat.h */ = {isa = PBXFileReference; fileEncoding = 4; lastKnownFileType = sourcecode.c.h; path = SDWebImageCompat.h; sourceTree = "<group>"; };
		5005DE261B732B950037C05E /* SDWebImageCompat.m */ = {isa = PBXFileReference; fileEncoding = 4; lastKnownFileType = sourcecode.c.objc; path = SDWebImageCompat.m; sourceTree = "<group>"; };
		5005DE271B732B950037C05E /* SDWebImageDecoder.h */ = {isa = PBXFileReference; fileEncoding = 4; lastKnownFileType = sourcecode.c.h; path = SDWebImageDecoder.h; sourceTree = "<group>"; };
		5005DE281B732B950037C05E /* SDWebImageDecoder.m */ = {isa = PBXFileReference; fileEncoding = 4; lastKnownFileType = sourcecode.c.objc; path = SDWebImageDecoder.m; sourceTree = "<group>"; };
		5005DE291B732B950037C05E /* SDWebImageDownloader.h */ = {isa = PBXFileReference; fileEncoding = 4; lastKnownFileType = sourcecode.c.h; path = SDWebImageDownloader.h; sourceTree = "<group>"; };
		5005DE2A1B732B950037C05E /* SDWebImageDownloader.m */ = {isa = PBXFileReference; fileEncoding = 4; lastKnownFileType = sourcecode.c.objc; path = SDWebImageDownloader.m; sourceTree = "<group>"; };
		5005DE2B1B732B950037C05E /* SDWebImageDownloaderOperation.h */ = {isa = PBXFileReference; fileEncoding = 4; lastKnownFileType = sourcecode.c.h; path = SDWebImageDownloaderOperation.h; sourceTree = "<group>"; };
		5005DE2C1B732B950037C05E /* SDWebImageDownloaderOperation.m */ = {isa = PBXFileReference; fileEncoding = 4; lastKnownFileType = sourcecode.c.objc; path = SDWebImageDownloaderOperation.m; sourceTree = "<group>"; };
		5005DE2D1B732B950037C05E /* SDWebImageManager.h */ = {isa = PBXFileReference; fileEncoding = 4; lastKnownFileType = sourcecode.c.h; path = SDWebImageManager.h; sourceTree = "<group>"; };
		5005DE2E1B732B950037C05E /* SDWebImageManager.m */ = {isa = PBXFileReference; fileEncoding = 4; lastKnownFileType = sourcecode.c.objc; path = SDWebImageManager.m; sourceTree = "<group>"; };
		5005DE2F1B732B950037C05E /* SDWebImageOperation.h */ = {isa = PBXFileReference; fileEncoding = 4; lastKnownFileType = sourcecode.c.h; path = SDWebImageOperation.h; sourceTree = "<group>"; };
		5005DE301B732B950037C05E /* SDWebImagePrefetcher.h */ = {isa = PBXFileReference; fileEncoding = 4; lastKnownFileType = sourcecode.c.h; path = SDWebImagePrefetcher.h; sourceTree = "<group>"; };
		5005DE311B732B950037C05E /* SDWebImagePrefetcher.m */ = {isa = PBXFileReference; fileEncoding = 4; lastKnownFileType = sourcecode.c.objc; path = SDWebImagePrefetcher.m; sourceTree = "<group>"; };
		5005DE321B732B950037C05E /* UIButton+WebCache.h */ = {isa = PBXFileReference; fileEncoding = 4; lastKnownFileType = sourcecode.c.h; path = "UIButton+WebCache.h"; sourceTree = "<group>"; };
		5005DE331B732B950037C05E /* UIButton+WebCache.m */ = {isa = PBXFileReference; fileEncoding = 4; lastKnownFileType = sourcecode.c.objc; path = "UIButton+WebCache.m"; sourceTree = "<group>"; };
		5005DE341B732B950037C05E /* UIImage+GIF.h */ = {isa = PBXFileReference; fileEncoding = 4; lastKnownFileType = sourcecode.c.h; path = "UIImage+GIF.h"; sourceTree = "<group>"; };
		5005DE351B732B950037C05E /* UIImage+GIF.m */ = {isa = PBXFileReference; fileEncoding = 4; lastKnownFileType = sourcecode.c.objc; path = "UIImage+GIF.m"; sourceTree = "<group>"; };
		5005DE361B732B950037C05E /* UIImage+MultiFormat.h */ = {isa = PBXFileReference; fileEncoding = 4; lastKnownFileType = sourcecode.c.h; path = "UIImage+MultiFormat.h"; sourceTree = "<group>"; };
		5005DE371B732B950037C05E /* UIImage+MultiFormat.m */ = {isa = PBXFileReference; fileEncoding = 4; lastKnownFileType = sourcecode.c.objc; path = "UIImage+MultiFormat.m"; sourceTree = "<group>"; };
		5005DE381B732B950037C05E /* UIImage+WebP.h */ = {isa = PBXFileReference; fileEncoding = 4; lastKnownFileType = sourcecode.c.h; path = "UIImage+WebP.h"; sourceTree = "<group>"; };
		5005DE391B732B950037C05E /* UIImage+WebP.m */ = {isa = PBXFileReference; fileEncoding = 4; lastKnownFileType = sourcecode.c.objc; path = "UIImage+WebP.m"; sourceTree = "<group>"; };
		5005DE3A1B732B950037C05E /* UIImageView+HighlightedWebCache.h */ = {isa = PBXFileReference; fileEncoding = 4; lastKnownFileType = sourcecode.c.h; path = "UIImageView+HighlightedWebCache.h"; sourceTree = "<group>"; };
		5005DE3B1B732B950037C05E /* UIImageView+HighlightedWebCache.m */ = {isa = PBXFileReference; fileEncoding = 4; lastKnownFileType = sourcecode.c.objc; path = "UIImageView+HighlightedWebCache.m"; sourceTree = "<group>"; };
		5005DE3C1B732B950037C05E /* UIImageView+WebCache.h */ = {isa = PBXFileReference; fileEncoding = 4; lastKnownFileType = sourcecode.c.h; path = "UIImageView+WebCache.h"; sourceTree = "<group>"; };
		5005DE3D1B732B950037C05E /* UIImageView+WebCache.m */ = {isa = PBXFileReference; fileEncoding = 4; lastKnownFileType = sourcecode.c.objc; path = "UIImageView+WebCache.m"; sourceTree = "<group>"; };
		5005DE3E1B732B950037C05E /* UIView+WebCacheOperation.h */ = {isa = PBXFileReference; fileEncoding = 4; lastKnownFileType = sourcecode.c.h; path = "UIView+WebCacheOperation.h"; sourceTree = "<group>"; };
		5005DE3F1B732B950037C05E /* UIView+WebCacheOperation.m */ = {isa = PBXFileReference; fileEncoding = 4; lastKnownFileType = sourcecode.c.objc; path = "UIView+WebCacheOperation.m"; sourceTree = "<group>"; };
		5005DE401B732B950037C05E /* WebP.framework */ = {isa = PBXFileReference; lastKnownFileType = wrapper.framework; path = WebP.framework; sourceTree = "<group>"; };
		503CBC121B71BD09002D09F5 /* libWeChatSDK.a */ = {isa = PBXFileReference; lastKnownFileType = archive.ar; path = libWeChatSDK.a; sourceTree = "<group>"; };
		503CBC131B71BD09002D09F5 /* read_me.txt */ = {isa = PBXFileReference; fileEncoding = 4; lastKnownFileType = text; path = read_me.txt; sourceTree = "<group>"; };
		503CBC141B71BD09002D09F5 /* WXApi.h */ = {isa = PBXFileReference; fileEncoding = 4; lastKnownFileType = sourcecode.c.h; path = WXApi.h; sourceTree = "<group>"; };
		503CBC151B71BD09002D09F5 /* WXApiObject.h */ = {isa = PBXFileReference; fileEncoding = 4; lastKnownFileType = sourcecode.c.h; path = WXApiObject.h; sourceTree = "<group>"; };
/* End PBXFileReference section */

/* Begin PBXFrameworksBuildPhase section */
		5003113F1B6B78AE0069BE07 /* Frameworks */ = {
			isa = PBXFrameworksBuildPhase;
			buildActionMask = 2147483647;
			files = (
				5005DE191B721FC50037C05E /* UIKit.framework in Frameworks */,
				5005DE141B7209EF0037C05E /* libc++.dylib in Frameworks */,
				5005DE131B7208390037C05E /* libz.dylib in Frameworks */,
				5005DE0F1B72075F0037C05E /* SystemConfiguration.framework in Frameworks */,
				5005DE0D1B7207410037C05E /* libsqlite3.0.dylib in Frameworks */,
				5005DE511B732B950037C05E /* WebP.framework in Frameworks */,
				503CBC161B71BD09002D09F5 /* libWeChatSDK.a in Frameworks */,
			);
			runOnlyForDeploymentPostprocessing = 0;
		};
		500311581B6B78AE0069BE07 /* Frameworks */ = {
			isa = PBXFrameworksBuildPhase;
			buildActionMask = 2147483647;
			files = (
			);
			runOnlyForDeploymentPostprocessing = 0;
		};
/* End PBXFrameworksBuildPhase section */

/* Begin PBXGroup section */
		500311391B6B78AE0069BE07 = {
			isa = PBXGroup;
			children = (
				500311441B6B78AE0069BE07 /* HGTextFrameSample */,
				5003115E1B6B78AE0069BE07 /* HGTextFrameSampleTests */,
				500311431B6B78AE0069BE07 /* Products */,
			);
			sourceTree = "<group>";
		};
		500311431B6B78AE0069BE07 /* Products */ = {
			isa = PBXGroup;
			children = (
				500311421B6B78AE0069BE07 /* HGTextFrameSample.app */,
				5003115B1B6B78AE0069BE07 /* HGTextFrameSampleTests.xctest */,
			);
			name = Products;
			sourceTree = "<group>";
		};
		500311441B6B78AE0069BE07 /* HGTextFrameSample */ = {
			isa = PBXGroup;
			children = (
				500311491B6B78AE0069BE07 /* AppDelegate.h */,
				5003114A1B6B78AE0069BE07 /* AppDelegate.m */,
				5003114C1B6B78AE0069BE07 /* ViewController.h */,
				5003114D1B6B78AE0069BE07 /* ViewController.m */,
				5005DE151B7219510037C05E /* HGWXOAuthLoginManager.h */,
				5005DE161B7219510037C05E /* HGWXOAuthLoginManager.m */,
				5003114F1B6B78AE0069BE07 /* Main.storyboard */,
				500311521B6B78AE0069BE07 /* Images.xcassets */,
				500311541B6B78AE0069BE07 /* LaunchScreen.xib */,
				5005DE1A1B732B700037C05E /* Utility */,
				503CBC111B71BD09002D09F5 /* WeChatSDK */,
				500311451B6B78AE0069BE07 /* Supporting Files */,
			);
			path = HGTextFrameSample;
			sourceTree = "<group>";
		};
		500311451B6B78AE0069BE07 /* Supporting Files */ = {
			isa = PBXGroup;
			children = (
				5005DE181B721FC40037C05E /* UIKit.framework */,
				5005DE0E1B72075F0037C05E /* SystemConfiguration.framework */,
				5005DE0C1B7207410037C05E /* libsqlite3.0.dylib */,
				5005DE121B7208390037C05E /* libz.dylib */,
				5005DE101B7207ED0037C05E /* libc++.dylib */,
				500311461B6B78AE0069BE07 /* Info.plist */,
				500311471B6B78AE0069BE07 /* main.m */,
			);
			name = "Supporting Files";
			sourceTree = "<group>";
		};
		5003115E1B6B78AE0069BE07 /* HGTextFrameSampleTests */ = {
			isa = PBXGroup;
			children = (
				500311611B6B78AE0069BE07 /* HGTextFrameSampleTests.m */,
				5003115F1B6B78AE0069BE07 /* Supporting Files */,
			);
			path = HGTextFrameSampleTests;
			sourceTree = "<group>";
		};
		5003115F1B6B78AE0069BE07 /* Supporting Files */ = {
			isa = PBXGroup;
			children = (
				500311601B6B78AE0069BE07 /* Info.plist */,
			);
			name = "Supporting Files";
			sourceTree = "<group>";
		};
		5005DE1A1B732B700037C05E /* Utility */ = {
			isa = PBXGroup;
			children = (
				5005DE1B1B732B7E0037C05E /* UIView+Additions.h */,
				5005DE1C1B732B7E0037C05E /* UIView+Additions.m */,
				5005DE1E1B732B950037C05E /* SDWebImage */,
			);
			path = Utility;
			sourceTree = "<group>";
		};
		5005DE1E1B732B950037C05E /* SDWebImage */ = {
			isa = PBXGroup;
			children = (
				5005DE1F1B732B950037C05E /* MKAnnotationView+WebCache.h */,
				5005DE201B732B950037C05E /* MKAnnotationView+WebCache.m */,
				5005DE211B732B950037C05E /* NSData+ImageContentType.h */,
				5005DE221B732B950037C05E /* NSData+ImageContentType.m */,
				5005DE231B732B950037C05E /* SDImageCache.h */,
				5005DE241B732B950037C05E /* SDImageCache.m */,
				5005DE251B732B950037C05E /* SDWebImageCompat.h */,
				5005DE261B732B950037C05E /* SDWebImageCompat.m */,
				5005DE271B732B950037C05E /* SDWebImageDecoder.h */,
				5005DE281B732B950037C05E /* SDWebImageDecoder.m */,
				5005DE291B732B950037C05E /* SDWebImageDownloader.h */,
				5005DE2A1B732B950037C05E /* SDWebImageDownloader.m */,
				5005DE2B1B732B950037C05E /* SDWebImageDownloaderOperation.h */,
				5005DE2C1B732B950037C05E /* SDWebImageDownloaderOperation.m */,
				5005DE2D1B732B950037C05E /* SDWebImageManager.h */,
				5005DE2E1B732B950037C05E /* SDWebImageManager.m */,
				5005DE2F1B732B950037C05E /* SDWebImageOperation.h */,
				5005DE301B732B950037C05E /* SDWebImagePrefetcher.h */,
				5005DE311B732B950037C05E /* SDWebImagePrefetcher.m */,
				5005DE321B732B950037C05E /* UIButton+WebCache.h */,
				5005DE331B732B950037C05E /* UIButton+WebCache.m */,
				5005DE341B732B950037C05E /* UIImage+GIF.h */,
				5005DE351B732B950037C05E /* UIImage+GIF.m */,
				5005DE361B732B950037C05E /* UIImage+MultiFormat.h */,
				5005DE371B732B950037C05E /* UIImage+MultiFormat.m */,
				5005DE381B732B950037C05E /* UIImage+WebP.h */,
				5005DE391B732B950037C05E /* UIImage+WebP.m */,
				5005DE3A1B732B950037C05E /* UIImageView+HighlightedWebCache.h */,
				5005DE3B1B732B950037C05E /* UIImageView+HighlightedWebCache.m */,
				5005DE3C1B732B950037C05E /* UIImageView+WebCache.h */,
				5005DE3D1B732B950037C05E /* UIImageView+WebCache.m */,
				5005DE3E1B732B950037C05E /* UIView+WebCacheOperation.h */,
				5005DE3F1B732B950037C05E /* UIView+WebCacheOperation.m */,
				5005DE401B732B950037C05E /* WebP.framework */,
			);
			path = SDWebImage;
			sourceTree = "<group>";
		};
		503CBC111B71BD09002D09F5 /* WeChatSDK */ = {
			isa = PBXGroup;
			children = (
				503CBC121B71BD09002D09F5 /* libWeChatSDK.a */,
				503CBC131B71BD09002D09F5 /* read_me.txt */,
				503CBC141B71BD09002D09F5 /* WXApi.h */,
				503CBC151B71BD09002D09F5 /* WXApiObject.h */,
			);
			path = WeChatSDK;
			sourceTree = "<group>";
		};
/* End PBXGroup section */

/* Begin PBXNativeTarget section */
		500311411B6B78AE0069BE07 /* HGTextFrameSample */ = {
			isa = PBXNativeTarget;
			buildConfigurationList = 500311651B6B78AE0069BE07 /* Build configuration list for PBXNativeTarget "HGTextFrameSample" */;
			buildPhases = (
				5003113E1B6B78AE0069BE07 /* Sources */,
				5003113F1B6B78AE0069BE07 /* Frameworks */,
				500311401B6B78AE0069BE07 /* Resources */,
			);
			buildRules = (
			);
			dependencies = (
			);
			name = HGTextFrameSample;
			productName = HGTextFrameSample;
			productReference = 500311421B6B78AE0069BE07 /* HGTextFrameSample.app */;
			productType = "com.apple.product-type.application";
		};
		5003115A1B6B78AE0069BE07 /* HGTextFrameSampleTests */ = {
			isa = PBXNativeTarget;
			buildConfigurationList = 500311681B6B78AE0069BE07 /* Build configuration list for PBXNativeTarget "HGTextFrameSampleTests" */;
			buildPhases = (
				500311571B6B78AE0069BE07 /* Sources */,
				500311581B6B78AE0069BE07 /* Frameworks */,
				500311591B6B78AE0069BE07 /* Resources */,
			);
			buildRules = (
			);
			dependencies = (
				5003115D1B6B78AE0069BE07 /* PBXTargetDependency */,
			);
			name = HGTextFrameSampleTests;
			productName = HGTextFrameSampleTests;
			productReference = 5003115B1B6B78AE0069BE07 /* HGTextFrameSampleTests.xctest */;
			productType = "com.apple.product-type.bundle.unit-test";
		};
/* End PBXNativeTarget section */

/* Begin PBXProject section */
		5003113A1B6B78AE0069BE07 /* Project object */ = {
			isa = PBXProject;
			attributes = {
				LastUpgradeCheck = 0640;
				ORGANIZATIONNAME = "北京嗨购电子商务有限公司";
				TargetAttributes = {
					500311411B6B78AE0069BE07 = {
						CreatedOnToolsVersion = 6.4;
					};
					5003115A1B6B78AE0069BE07 = {
						CreatedOnToolsVersion = 6.4;
						TestTargetID = 500311411B6B78AE0069BE07;
					};
				};
			};
			buildConfigurationList = 5003113D1B6B78AE0069BE07 /* Build configuration list for PBXProject "HGTextFrameSample" */;
			compatibilityVersion = "Xcode 3.2";
			developmentRegion = English;
			hasScannedForEncodings = 0;
			knownRegions = (
				en,
				Base,
			);
			mainGroup = 500311391B6B78AE0069BE07;
			productRefGroup = 500311431B6B78AE0069BE07 /* Products */;
			projectDirPath = "";
			projectRoot = "";
			targets = (
				500311411B6B78AE0069BE07 /* HGTextFrameSample */,
				5003115A1B6B78AE0069BE07 /* HGTextFrameSampleTests */,
			);
		};
/* End PBXProject section */

/* Begin PBXResourcesBuildPhase section */
		500311401B6B78AE0069BE07 /* Resources */ = {
			isa = PBXResourcesBuildPhase;
			buildActionMask = 2147483647;
			files = (
				500311511B6B78AE0069BE07 /* Main.storyboard in Resources */,
				500311561B6B78AE0069BE07 /* LaunchScreen.xib in Resources */,
				503CBC171B71BD09002D09F5 /* read_me.txt in Resources */,
				500311531B6B78AE0069BE07 /* Images.xcassets in Resources */,
			);
			runOnlyForDeploymentPostprocessing = 0;
		};
		500311591B6B78AE0069BE07 /* Resources */ = {
			isa = PBXResourcesBuildPhase;
			buildActionMask = 2147483647;
			files = (
			);
			runOnlyForDeploymentPostprocessing = 0;
		};
/* End PBXResourcesBuildPhase section */

/* Begin PBXSourcesBuildPhase section */
		5003113E1B6B78AE0069BE07 /* Sources */ = {
			isa = PBXSourcesBuildPhase;
			buildActionMask = 2147483647;
			files = (
				5003114E1B6B78AE0069BE07 /* ViewController.m in Sources */,
				5005DE4E1B732B950037C05E /* UIImageView+HighlightedWebCache.m in Sources */,
				5005DE4F1B732B950037C05E /* UIImageView+WebCache.m in Sources */,
				5005DE4D1B732B950037C05E /* UIImage+WebP.m in Sources */,
				5005DE491B732B950037C05E /* SDWebImagePrefetcher.m in Sources */,
				5005DE171B7219510037C05E /* HGWXOAuthLoginManager.m in Sources */,
				5005DE451B732B950037C05E /* SDWebImageDecoder.m in Sources */,
				5005DE461B732B950037C05E /* SDWebImageDownloader.m in Sources */,
				5003114B1B6B78AE0069BE07 /* AppDelegate.m in Sources */,
				5005DE481B732B950037C05E /* SDWebImageManager.m in Sources */,
				5005DE501B732B950037C05E /* UIView+WebCacheOperation.m in Sources */,
				5005DE4A1B732B950037C05E /* UIButton+WebCache.m in Sources */,
				5005DE4C1B732B950037C05E /* UIImage+MultiFormat.m in Sources */,
				5005DE1D1B732B7E0037C05E /* UIView+Additions.m in Sources */,
				5005DE471B732B950037C05E /* SDWebImageDownloaderOperation.m in Sources */,
				5005DE4B1B732B950037C05E /* UIImage+GIF.m in Sources */,
				5005DE441B732B950037C05E /* SDWebImageCompat.m in Sources */,
				5005DE421B732B950037C05E /* NSData+ImageContentType.m in Sources */,
				500311481B6B78AE0069BE07 /* main.m in Sources */,
				5005DE411B732B950037C05E /* MKAnnotationView+WebCache.m in Sources */,
				5005DE431B732B950037C05E /* SDImageCache.m in Sources */,
			);
			runOnlyForDeploymentPostprocessing = 0;
		};
		500311571B6B78AE0069BE07 /* Sources */ = {
			isa = PBXSourcesBuildPhase;
			buildActionMask = 2147483647;
			files = (
				500311621B6B78AE0069BE07 /* HGTextFrameSampleTests.m in Sources */,
			);
			runOnlyForDeploymentPostprocessing = 0;
		};
/* End PBXSourcesBuildPhase section */

/* Begin PBXTargetDependency section */
		5003115D1B6B78AE0069BE07 /* PBXTargetDependency */ = {
			isa = PBXTargetDependency;
			target = 500311411B6B78AE0069BE07 /* HGTextFrameSample */;
			targetProxy = 5003115C1B6B78AE0069BE07 /* PBXContainerItemProxy */;
		};
/* End PBXTargetDependency section */

/* Begin PBXVariantGroup section */
		5003114F1B6B78AE0069BE07 /* Main.storyboard */ = {
			isa = PBXVariantGroup;
			children = (
				500311501B6B78AE0069BE07 /* Base */,
			);
			name = Main.storyboard;
			sourceTree = "<group>";
		};
		500311541B6B78AE0069BE07 /* LaunchScreen.xib */ = {
			isa = PBXVariantGroup;
			children = (
				500311551B6B78AE0069BE07 /* Base */,
			);
			name = LaunchScreen.xib;
			sourceTree = "<group>";
		};
/* End PBXVariantGroup section */

/* Begin XCBuildConfiguration section */
		500311631B6B78AE0069BE07 /* Debug */ = {
			isa = XCBuildConfiguration;
			buildSettings = {
				ALWAYS_SEARCH_USER_PATHS = NO;
				CLANG_CXX_LANGUAGE_STANDARD = "gnu++0x";
				CLANG_CXX_LIBRARY = "libc++";
				CLANG_ENABLE_MODULES = YES;
				CLANG_ENABLE_OBJC_ARC = YES;
				CLANG_WARN_BOOL_CONVERSION = YES;
				CLANG_WARN_CONSTANT_CONVERSION = YES;
				CLANG_WARN_DIRECT_OBJC_ISA_USAGE = YES_ERROR;
				CLANG_WARN_EMPTY_BODY = YES;
				CLANG_WARN_ENUM_CONVERSION = YES;
				CLANG_WARN_INT_CONVERSION = YES;
				CLANG_WARN_OBJC_ROOT_CLASS = YES_ERROR;
				CLANG_WARN_UNREACHABLE_CODE = YES;
				CLANG_WARN__DUPLICATE_METHOD_MATCH = YES;
				"CODE_SIGN_IDENTITY[sdk=iphoneos*]" = "iPhone Developer";
				COPY_PHASE_STRIP = NO;
				DEBUG_INFORMATION_FORMAT = "dwarf-with-dsym";
				ENABLE_STRICT_OBJC_MSGSEND = YES;
				GCC_C_LANGUAGE_STANDARD = gnu99;
				GCC_DYNAMIC_NO_PIC = NO;
				GCC_NO_COMMON_BLOCKS = YES;
				GCC_OPTIMIZATION_LEVEL = 0;
				GCC_PREPROCESSOR_DEFINITIONS = (
					"DEBUG=1",
					"$(inherited)",
				);
				GCC_SYMBOLS_PRIVATE_EXTERN = NO;
				GCC_WARN_64_TO_32_BIT_CONVERSION = YES;
				GCC_WARN_ABOUT_RETURN_TYPE = YES_ERROR;
				GCC_WARN_UNDECLARED_SELECTOR = YES;
				GCC_WARN_UNINITIALIZED_AUTOS = YES_AGGRESSIVE;
				GCC_WARN_UNUSED_FUNCTION = YES;
				GCC_WARN_UNUSED_VARIABLE = YES;
				IPHONEOS_DEPLOYMENT_TARGET = 8.4;
				MTL_ENABLE_DEBUG_INFO = YES;
				ONLY_ACTIVE_ARCH = YES;
				SDKROOT = iphoneos;
			};
			name = Debug;
		};
		500311641B6B78AE0069BE07 /* Release */ = {
			isa = XCBuildConfiguration;
			buildSettings = {
				ALWAYS_SEARCH_USER_PATHS = NO;
				CLANG_CXX_LANGUAGE_STANDARD = "gnu++0x";
				CLANG_CXX_LIBRARY = "libc++";
				CLANG_ENABLE_MODULES = YES;
				CLANG_ENABLE_OBJC_ARC = YES;
				CLANG_WARN_BOOL_CONVERSION = YES;
				CLANG_WARN_CONSTANT_CONVERSION = YES;
				CLANG_WARN_DIRECT_OBJC_ISA_USAGE = YES_ERROR;
				CLANG_WARN_EMPTY_BODY = YES;
				CLANG_WARN_ENUM_CONVERSION = YES;
				CLANG_WARN_INT_CONVERSION = YES;
				CLANG_WARN_OBJC_ROOT_CLASS = YES_ERROR;
				CLANG_WARN_UNREACHABLE_CODE = YES;
				CLANG_WARN__DUPLICATE_METHOD_MATCH = YES;
				"CODE_SIGN_IDENTITY[sdk=iphoneos*]" = "iPhone Developer";
				COPY_PHASE_STRIP = NO;
				DEBUG_INFORMATION_FORMAT = "dwarf-with-dsym";
				ENABLE_NS_ASSERTIONS = NO;
				ENABLE_STRICT_OBJC_MSGSEND = YES;
				GCC_C_LANGUAGE_STANDARD = gnu99;
				GCC_NO_COMMON_BLOCKS = YES;
				GCC_WARN_64_TO_32_BIT_CONVERSION = YES;
				GCC_WARN_ABOUT_RETURN_TYPE = YES_ERROR;
				GCC_WARN_UNDECLARED_SELECTOR = YES;
				GCC_WARN_UNINITIALIZED_AUTOS = YES_AGGRESSIVE;
				GCC_WARN_UNUSED_FUNCTION = YES;
				GCC_WARN_UNUSED_VARIABLE = YES;
				IPHONEOS_DEPLOYMENT_TARGET = 8.4;
				MTL_ENABLE_DEBUG_INFO = NO;
				SDKROOT = iphoneos;
				VALIDATE_PRODUCT = YES;
			};
			name = Release;
		};
		500311661B6B78AE0069BE07 /* Debug */ = {
			isa = XCBuildConfiguration;
			buildSettings = {
				ASSETCATALOG_COMPILER_APPICON_NAME = AppIcon;
				CODE_SIGN_IDENTITY = "iPhone Developer: Xu Xia (S567RZK44D)";
				FRAMEWORK_SEARCH_PATHS = (
					"$(inherited)",
					"$(PROJECT_DIR)/HGTextFrameSample/Utility/SDWebImage",
				);
				INFOPLIST_FILE = HGTextFrameSample/Info.plist;
				LD_RUNPATH_SEARCH_PATHS = "$(inherited) @executable_path/Frameworks";
				LIBRARY_SEARCH_PATHS = (
					"$(inherited)",
					"$(PROJECT_DIR)/HGTextFrameSample/WeChatSDK",
				);
				PRODUCT_NAME = "$(TARGET_NAME)";
				PROVISIONING_PROFILE = "2198fee8-5590-47fb-a322-a26f67e87b6d";
			};
			name = Debug;
		};
		500311671B6B78AE0069BE07 /* Release */ = {
			isa = XCBuildConfiguration;
			buildSettings = {
				ASSETCATALOG_COMPILER_APPICON_NAME = AppIcon;
				FRAMEWORK_SEARCH_PATHS = (
					"$(inherited)",
					"$(PROJECT_DIR)/HGTextFrameSample/Utility/SDWebImage",
				);
				INFOPLIST_FILE = HGTextFrameSample/Info.plist;
				LD_RUNPATH_SEARCH_PATHS = "$(inherited) @executable_path/Frameworks";
				LIBRARY_SEARCH_PATHS = (
					"$(inherited)",
					"$(PROJECT_DIR)/HGTextFrameSample/WeChatSDK",
				);
				PRODUCT_NAME = "$(TARGET_NAME)";
				PROVISIONING_PROFILE = "2198fee8-5590-47fb-a322-a26f67e87b6d";
			};
			name = Release;
		};
		500311691B6B78AE0069BE07 /* Debug */ = {
			isa = XCBuildConfiguration;
			buildSettings = {
				BUNDLE_LOADER = "$(TEST_HOST)";
				FRAMEWORK_SEARCH_PATHS = (
					"$(SDKROOT)/Developer/Library/Frameworks",
					"$(inherited)",
				);
				GCC_PREPROCESSOR_DEFINITIONS = (
					"DEBUG=1",
					"$(inherited)",
				);
				INFOPLIST_FILE = HGTextFrameSampleTests/Info.plist;
				LD_RUNPATH_SEARCH_PATHS = "$(inherited) @executable_path/Frameworks @loader_path/Frameworks";
				PRODUCT_NAME = "$(TARGET_NAME)";
				TEST_HOST = "$(BUILT_PRODUCTS_DIR)/HGTextFrameSample.app/HGTextFrameSample";
			};
			name = Debug;
		};
		5003116A1B6B78AE0069BE07 /* Release */ = {
			isa = XCBuildConfiguration;
			buildSettings = {
				BUNDLE_LOADER = "$(TEST_HOST)";
				FRAMEWORK_SEARCH_PATHS = (
					"$(SDKROOT)/Developer/Library/Frameworks",
					"$(inherited)",
				);
				INFOPLIST_FILE = HGTextFrameSampleTests/Info.plist;
				LD_RUNPATH_SEARCH_PATHS = "$(inherited) @executable_path/Frameworks @loader_path/Frameworks";
				PRODUCT_NAME = "$(TARGET_NAME)";
				TEST_HOST = "$(BUILT_PRODUCTS_DIR)/HGTextFrameSample.app/HGTextFrameSample";
			};
			name = Release;
		};
/* End XCBuildConfiguration section */

/* Begin XCConfigurationList section */
		5003113D1B6B78AE0069BE07 /* Build configuration list for PBXProject "HGTextFrameSample" */ = {
			isa = XCConfigurationList;
			buildConfigurations = (
				500311631B6B78AE0069BE07 /* Debug */,
				500311641B6B78AE0069BE07 /* Release */,
			);
			defaultConfigurationIsVisible = 0;
			defaultConfigurationName = Release;
		};
		500311651B6B78AE0069BE07 /* Build configuration list for PBXNativeTarget "HGTextFrameSample" */ = {
			isa = XCConfigurationList;
			buildConfigurations = (
				500311661B6B78AE0069BE07 /* Debug */,
				500311671B6B78AE0069BE07 /* Release */,
			);
			defaultConfigurationIsVisible = 0;
			defaultConfigurationName = Release;
		};
		500311681B6B78AE0069BE07 /* Build configuration list for PBXNativeTarget "HGTextFrameSampleTests" */ = {
			isa = XCConfigurationList;
			buildConfigurations = (
				500311691B6B78AE0069BE07 /* Debug */,
				5003116A1B6B78AE0069BE07 /* Release */,
			);
			defaultConfigurationIsVisible = 0;
			defaultConfigurationName = Release;
		};
/* End XCConfigurationList section */
	};
	rootObject = 5003113A1B6B78AE0069BE07 /* Project object */;
}
